
Microsoft Visual Studio Solution File, Format Version 12.00
# Visual Studio Version 17
VisualStudioVersion = 17.13.35913.81
MinimumVisualStudioVersion = 10.0.40219.1
Project("{FAE04EC0-301F-11D3-BF4B-00C04F79EFBC}") = "Server", "Server\Server.csproj", "{07D8229F-D6CC-479A-B684-3352F5B29E15}"
EndProject
Project("{FAE04EC0-301F-11D3-BF4B-00C04F79EFBC}") = "Legacy", "Legacy\Legacy.csproj", "{5BE70261-98C8-00EE-2546-04E42205158C}"
EndProject
Global
	GlobalSection(SolutionConfigurationPlatforms) = preSolution
		Debug|Any CPU = Debug|Any CPU
		Release|Any CPU = Release|Any CPU
	EndGlobalSection
	GlobalSection(ProjectConfigurationPlatforms) = postSolution
		{07D8229F-D6CC-479A-B684-3352F5B29E15}.Debug|Any CPU.ActiveCfg = Debug|Any CPU
		{07D8229F-D6CC-479A-B684-3352F5B29E15}.Debug|Any CPU.Build.0 = Debug|Any CPU
		{07D8229F-D6CC-479A-B684-3352F5B29E15}.Release|Any CPU.ActiveCfg = Release|Any CPU
		{07D8229F-D6CC-479A-B684-3352F5B29E15}.Release|Any CPU.Build.0 = Release|Any CPU
		{5BE70261-98C8-00EE-2546-04E42205158C}.Debug|Any CPU.ActiveCfg = Debug|Any CPU
		{5BE70261-98C8-00EE-2546-04E42205158C}.Debug|Any CPU.Build.0 = Debug|Any CPU
		{5BE70261-98C8-00EE-2546-04E42205158C}.Release|Any CPU.ActiveCfg = Release|Any CPU
		{5BE70261-98C8-00EE-2546-04E42205158C}.Release|Any CPU.Build.0 = Release|Any CPU
	EndGlobalSection
	GlobalSection(SolutionProperties) = preSolution
		HideSolutionNode = FALSE
	EndGlobalSection
	GlobalSection(ExtensibilityGlobals) = postSolution
		SolutionGuid = {D1669430-2DF5-4BE9-8006-3BC25B406CFB}
	EndGlobalSection
EndGlobal
